version = 1
requires-python = ">=3.11"

[[package]]
name = "dataclasses"
version = "0.8"
source = { registry = "https://pypi.org/simple" }
sdist = { url = "https://files.pythonhosted.org/packages/1f/12/7919c5d8b9c497f9180db15ea8ead6499812ea8264a6ae18766d93c59fe5/dataclasses-0.8.tar.gz", hash = "sha256:8479067f342acf957dc82ec415d355ab5edb7e7646b90dc6e2fd1d96ad084c97", size = 36581 }
wheels = [
    { url = "https://files.pythonhosted.org/packages/fe/ca/75fac5856ab5cfa51bbbcefa250182e50441074fdc3f803f6e76451fab43/dataclasses-0.8-py3-none-any.whl", hash = "sha256:0201d89fa866f68c8ebd9d08ee6ff50c0b255f8ec63a71c16fda7af82bb887bf", size = 19041 },
]

[[package]]
name = "repl-nix-workspace"
version = "0.1.0"
source = { virtual = "." }
dependencies = [
    { name = "dataclasses" },
    { name = "typing" },
]

[package.metadata]
requires-dist = [
    { name = "dataclasses", specifier = ">=0.8" },
    { name = "typing", specifier = ">=3.10.0.0" },
]

[[package]]
name = "typing"
version = "3.10.0.0"
source = { registry = "https://pypi.org/simple" }
sdist = { url = "https://files.pythonhosted.org/packages/b0/1b/835d4431805939d2996f8772aca1d2313a57e8860fec0e48e8e7dfe3a477/typing-3.10.0.0.tar.gz", hash = "sha256:13b4ad211f54ddbf93e5901a9967b1e07720c1d1b78d596ac6a439641aa1b130", size = 78962 }
wheels = [
    { url = "https://files.pythonhosted.org/packages/f2/5d/865e17349564eb1772688d8afc5e3081a5964c640d64d1d2880ebaed002d/typing-3.10.0.0-py3-none-any.whl", hash = "sha256:12fbdfbe7d6cca1a42e485229afcb0b0c8259258cfb919b8a5e2a5c953742f89", size = 26320 },
]
